// !$*UTF8*$!
{
	archiveVersion = 1;
	classes = {
	};
	objectVersion = 50;
	objects = {

/* Begin PBXBuildFile section */
		93772920247B9384000EB113 /* AppDelegate.swift in Sources */ = {isa = PBXBuildFile; fileRef = 9377291F247B9384000EB113 /* AppDelegate.swift */; };
		93772922247B9384000EB113 /* SceneDelegate.swift in Sources */ = {isa = PBXBuildFile; fileRef = 93772921247B9384000EB113 /* SceneDelegate.swift */; };
		93772924247B9384000EB113 /* ViewController.swift in Sources */ = {isa = PBXBuildFile; fileRef = 93772923247B9384000EB113 /* ViewController.swift */; };
		93772927247B9384000EB113 /* Main.storyboard in Resources */ = {isa = PBXBuildFile; fileRef = 93772925247B9384000EB113 /* Main.storyboard */; };
		93772929247B9385000EB113 /* Assets.xcassets in Resources */ = {isa = PBXBuildFile; fileRef = 93772928247B9385000EB113 /* Assets.xcassets */; };
		9377292C247B9385000EB113 /* LaunchScreen.storyboard in Resources */ = {isa = PBXBuildFile; fileRef = 9377292A247B9385000EB113 /* LaunchScreen.storyboard */; };
		93772936247BA1B1000EB113 /* SenderCell.swift in Sources */ = {isa = PBXBuildFile; fileRef = 93772935247BA1B1000EB113 /* SenderCell.swift */; };
		93772938247BACF1000EB113 /* ReceiverCell.swift in Sources */ = {isa = PBXBuildFile; fileRef = 93772937247BACF1000EB113 /* ReceiverCell.swift */; };
		9377293A247D22F9000EB113 /* DKInputBar.swift in Sources */ = {isa = PBXBuildFile; fileRef = 93772939247D22F9000EB113 /* DKInputBar.swift */; };
		9377293C247D4B1C000EB113 /* Constants.swift in Sources */ = {isa = PBXBuildFile; fileRef = 9377293B247D4B1C000EB113 /* Constants.swift */; };
		93D78E1524816D0B00E4FAA5 /* DateHeaderLabel.swift in Sources */ = {isa = PBXBuildFile; fileRef = 93D78E1424816D0B00E4FAA5 /* DateHeaderLabel.swift */; };
/* End PBXBuildFile section */

/* Begin PBXFileReference section */
		9377291C247B9384000EB113 /* GroupedChat.app */ = {isa = PBXFileReference; explicitFileType = wrapper.application; includeInIndex = 0; path = GroupedChat.app; sourceTree = BUILT_PRODUCTS_DIR; };
		9377291F247B9384000EB113 /* AppDelegate.swift */ = {isa = PBXFileReference; lastKnownFileType = sourcecode.swift; path = AppDelegate.swift; sourceTree = "<group>"; };
		93772921247B9384000EB113 /* SceneDelegate.swift */ = {isa = PBXFileReference; lastKnownFileType = sourcecode.swift; path = SceneDelegate.swift; sourceTree = "<group>"; };
		93772923247B9384000EB113 /* ViewController.swift */ = {isa = PBXFileReference; lastKnownFileType = sourcecode.swift; path = ViewController.swift; sourceTree = "<group>"; };
		93772926247B9384000EB113 /* Base */ = {isa = PBXFileReference; lastKnownFileType = file.storyboard; name = Base; path = Base.lproj/Main.storyboard; sourceTree = "<group>"; };
		93772928247B9385000EB113 /* Assets.xcassets */ = {isa = PBXFileReference; lastKnownFileType = folder.assetcatalog; path = Assets.xcassets; sourceTree = "<group>"; };
		9377292B247B9385000EB113 /* Base */ = {isa = PBXFileReference; lastKnownFileType = file.storyboard; name = Base; path = Base.lproj/LaunchScreen.storyboard; sourceTree = "<group>"; };
		9377292D247B9385000EB113 /* Info.plist */ = {isa = PBXFileReference; lastKnownFileType = text.plist.xml; path = Info.plist; sourceTree = "<group>"; };
		93772935247BA1B1000EB113 /* SenderCell.swift */ = {isa = PBXFileReference; lastKnownFileType = sourcecode.swift; path = SenderCell.swift; sourceTree = "<group>"; };
		93772937247BACF1000EB113 /* ReceiverCell.swift */ = {isa = PBXFileReference; lastKnownFileType = sourcecode.swift; path = ReceiverCell.swift; sourceTree = "<group>"; };
		93772939247D22F9000EB113 /* DKInputBar.swift */ = {isa = PBXFileReference; lastKnownFileType = sourcecode.swift; path = DKInputBar.swift; sourceTree = "<group>"; };
		9377293B247D4B1C000EB113 /* Constants.swift */ = {isa = PBXFileReference; lastKnownFileType = sourcecode.swift; path = Constants.swift; sourceTree = "<group>"; };
		93D78E1424816D0B00E4FAA5 /* DateHeaderLabel.swift */ = {isa = PBXFileReference; lastKnownFileType = sourcecode.swift; path = DateHeaderLabel.swift; sourceTree = "<group>"; };
/* End PBXFileReference section */

/* Begin PBXFrameworksBuildPhase section */
		93772919247B9384000EB113 /* Frameworks */ = {
			isa = PBXFrameworksBuildPhase;
			buildActionMask = 2147483647;
			files = (
			);
			runOnlyForDeploymentPostprocessing = 0;
		};
/* End PBXFrameworksBuildPhase section */

/* Begin PBXGroup section */
		93772913247B9384000EB113 = {
			isa = PBXGroup;
			children = (
				9377291E247B9384000EB113 /* GroupedChat */,
				9377291D247B9384000EB113 /* Products */,
			);
			sourceTree = "<group>";
		};
		9377291D247B9384000EB113 /* Products */ = {
			isa = PBXGroup;
			children = (
				9377291C247B9384000EB113 /* GroupedChat.app */,
			);
			name = Products;
			sourceTree = "<group>";
		};
		9377291E247B9384000EB113 /* GroupedChat */ = {
			isa = PBXGroup;
			children = (
				9377291F247B9384000EB113 /* AppDelegate.swift */,
				93772921247B9384000EB113 /* SceneDelegate.swift */,
				93772923247B9384000EB113 /* ViewController.swift */,
				93772925247B9384000EB113 /* Main.storyboard */,
				93772928247B9385000EB113 /* Assets.xcassets */,
				9377292A247B9385000EB113 /* LaunchScreen.storyboard */,
				9377292D247B9385000EB113 /* Info.plist */,
				93772935247BA1B1000EB113 /* SenderCell.swift */,
				93772937247BACF1000EB113 /* ReceiverCell.swift */,
				93772939247D22F9000EB113 /* DKInputBar.swift */,
				93D78E1424816D0B00E4FAA5 /* DateHeaderLabel.swift */,
				9377293B247D4B1C000EB113 /* Constants.swift */,
			);
			path = GroupedChat;
			sourceTree = "<group>";
		};
/* End PBXGroup section */

/* Begin PBXNativeTarget section */
		9377291B247B9384000EB113 /* GroupedChat */ = {
			isa = PBXNativeTarget;
			buildConfigurationList = 93772930247B9385000EB113 /* Build configuration list for PBXNativeTarget "GroupedChat" */;
			buildPhases = (
				93772918247B9384000EB113 /* Sources */,
				93772919247B9384000EB113 /* Frameworks */,
				9377291A247B9384000EB113 /* Resources */,
			);
			buildRules = (
			);
			dependencies = (
			);
			name = GroupedChat;
			productName = GroupedChat;
			productReference = 9377291C247B9384000EB113 /* GroupedChat.app */;
			productType = "com.apple.product-type.application";
		};
/* End PBXNativeTarget section */

/* Begin PBXProject section */
		93772914247B9384000EB113 /* Project object */ = {
			isa = PBXProject;
			attributes = {
				LastSwiftUpdateCheck = 1130;
				LastUpgradeCheck = 1130;
				ORGANIZATIONNAME = "Khiwani, Deepak (Buck)";
				TargetAttributes = {
					9377291B247B9384000EB113 = {
						CreatedOnToolsVersion = 11.3;
					};
				};
			};
			buildConfigurationList = 93772917247B9384000EB113 /* Build configuration list for PBXProject "GroupedChat" */;
			compatibilityVersion = "Xcode 9.3";
			developmentRegion = en;
			hasScannedForEncodings = 0;
			knownRegions = (
				en,
				Base,
			);
			mainGroup = 93772913247B9384000EB113;
			productRefGroup = 9377291D247B9384000EB113 /* Products */;
			projectDirPath = "";
			projectRoot = "";
			targets = (
				9377291B247B9384000EB113 /* GroupedChat */,
			);
		};
/* End PBXProject section */

/* Begin PBXResourcesBuildPhase section */
		9377291A247B9384000EB113 /* Resources */ = {
			isa = PBXResourcesBuildPhase;
			buildActionMask = 2147483647;
			files = (
				9377292C247B9385000EB113 /* LaunchScreen.storyboard in Resources */,
				93772929247B9385000EB113 /* Assets.xcassets in Resources */,
				93772927247B9384000EB113 /* Main.storyboard in Resources */,
			);
			runOnlyForDeploymentPostprocessing = 0;
		};
/* End PBXResourcesBuildPhase section */

/* Begin PBXSourcesBuildPhase section */
		93772918247B9384000EB113 /* Sources */ = {
			isa = PBXSourcesBuildPhase;
			buildActionMask = 2147483647;
			files = (
				93772936247BA1B1000EB113 /* SenderCell.swift in Sources */,
				9377293A247D22F9000EB113 /* DKInputBar.swift in Sources */,
				93D78E1524816D0B00E4FAA5 /* DateHeaderLabel.swift in Sources */,
				93772924247B9384000EB113 /* ViewController.swift in Sources */,
				93772938247BACF1000EB113 /* ReceiverCell.swift in Sources */,
				9377293C247D4B1C000EB113 /* Constants.swift in Sources */,
				93772920247B9384000EB113 /* AppDelegate.swift in Sources */,
				93772922247B9384000EB113 /* SceneDelegate.swift in Sources */,
			);
			runOnlyForDeploymentPostprocessing = 0;
		};
/* End PBXSourcesBuildPhase section */

/* Begin PBXVariantGroup section */
		93772925247B9384000EB113 /* Main.storyboard */ = {
			isa = PBXVariantGroup;
			children = (
				93772926247B9384000EB113 /* Base */,
			);
			name = Main.storyboard;
			sourceTree = "<group>";
		};
		9377292A247B9385000EB113 /* LaunchScreen.storyboard */ = {
			isa = PBXVariantGroup;
			children = (
				9377292B247B9385000EB113 /* Base */,
			);
			name = LaunchScreen.storyboard;
			sourceTree = "<group>";
		};
/* End PBXVariantGroup section */

/* Begin XCBuildConfiguration section */
		9377292E247B9385000EB113 /* Debug */ = {
			isa = XCBuildConfiguration;
			buildSettings = {
				ALWAYS_SEARCH_USER_PATHS = NO;
				CLANG_ANALYZER_NONNULL = YES;
				CLANG_ANALYZER_NUMBER_OBJECT_CONVERSION = YES_AGGRESSIVE;
				CLANG_CXX_LANGUAGE_STANDARD = "gnu++14";
				CLANG_CXX_LIBRARY = "libc++";
				CLANG_ENABLE_MODULES = YES;
				CLANG_ENABLE_OBJC_ARC = YES;
				CLANG_ENABLE_OBJC_WEAK = YES;
				CLANG_WARN_BLOCK_CAPTURE_AUTORELEASING = YES;
				CLANG_WARN_BOOL_CONVERSION = YES;
				CLANG_WARN_COMMA = YES;
				CLANG_WARN_CONSTANT_CONVERSION = YES;
				CLANG_WARN_DEPRECATED_OBJC_IMPLEMENTATIONS = YES;
				CLANG_WARN_DIRECT_OBJC_ISA_USAGE = YES_ERROR;
				CLANG_WARN_DOCUMENTATION_COMMENTS = YES;
				CLANG_WARN_EMPTY_BODY = YES;
				CLANG_WARN_ENUM_CONVERSION = YES;
				CLANG_WARN_INFINITE_RECURSION = YES;
				CLANG_WARN_INT_CONVERSION = YES;
				CLANG_WARN_NON_LITERAL_NULL_CONVERSION = YES;
				CLANG_WARN_OBJC_IMPLICIT_RETAIN_SELF = YES;
				CLANG_WARN_OBJC_LITERAL_CONVERSION = YES;
				CLANG_WARN_OBJC_ROOT_CLASS = YES_ERROR;
				CLANG_WARN_RANGE_LOOP_ANALYSIS = YES;
				CLANG_WARN_STRICT_PROTOTYPES = YES;
				CLANG_WARN_SUSPICIOUS_MOVE = YES;
				CLANG_WARN_UNGUARDED_AVAILABILITY = YES_AGGRESSIVE;
				CLANG_WARN_UNREACHABLE_CODE = YES;
				CLANG_WARN__DUPLICATE_METHOD_MATCH = YES;
				COPY_PHASE_STRIP = NO;
				DEBUG_INFORMATION_FORMAT = dwarf;
				ENABLE_STRICT_OBJC_MSGSEND = YES;
				ENABLE_TESTABILITY = YES;
				GCC_C_LANGUAGE_STANDARD = gnu11;
				GCC_DYNAMIC_NO_PIC = NO;
				GCC_NO_COMMON_BLOCKS = YES;
				GCC_OPTIMIZATION_LEVEL = 0;
				GCC_PREPROCESSOR_DEFINITIONS = (
					"DEBUG=1",
					"$(inherited)",
				);
				GCC_WARN_64_TO_32_BIT_CONVERSION = YES;
				GCC_WARN_ABOUT_RETURN_TYPE = YES_ERROR;
				GCC_WARN_UNDECLARED_SELECTOR = YES;
				GCC_WARN_UNINITIALIZED_AUTOS = YES_AGGRESSIVE;
				GCC_WARN_UNUSED_FUNCTION = YES;
				GCC_WARN_UNUSED_VARIABLE = YES;
				IPHONEOS_DEPLOYMENT_TARGET = 13.2;
				MTL_ENABLE_DEBUG_INFO = INCLUDE_SOURCE;
				MTL_FAST_MATH = YES;
				ONLY_ACTIVE_ARCH = YES;
				SDKROOT = iphoneos;
				SWIFT_ACTIVE_COMPILATION_CONDITIONS = DEBUG;
				SWIFT_OPTIMIZATION_LEVEL = "-Onone";
			};
			name = Debug;
		};
		9377292F247B9385000EB113 /* Release */ = {
			isa = XCBuildConfiguration;
			buildSettings = {
				ALWAYS_SEARCH_USER_PATHS = NO;
				CLANG_ANALYZER_NONNULL = YES;
				CLANG_ANALYZER_NUMBER_OBJECT_CONVERSION = YES_AGGRESSIVE;
				CLANG_CXX_LANGUAGE_STANDARD = "gnu++14";
				CLANG_CXX_LIBRARY = "libc++";
				CLANG_ENABLE_MODULES = YES;
				CLANG_ENABLE_OBJC_ARC = YES;
				CLANG_ENABLE_OBJC_WEAK = YES;
				CLANG_WARN_BLOCK_CAPTURE_AUTORELEASING = YES;
				CLANG_WARN_BOOL_CONVERSION = YES;
				CLANG_WARN_COMMA = YES;
				CLANG_WARN_CONSTANT_CONVERSION = YES;
				CLANG_WARN_DEPRECATED_OBJC_IMPLEMENTATIONS = YES;
				CLANG_WARN_DIRECT_OBJC_ISA_USAGE = YES_ERROR;
				CLANG_WARN_DOCUMENTATION_COMMENTS = YES;
				CLANG_WARN_EMPTY_BODY = YES;
				CLANG_WARN_ENUM_CONVERSION = YES;
				CLANG_WARN_INFINITE_RECURSION = YES;
				CLANG_WARN_INT_CONVERSION = YES;
				CLANG_WARN_NON_LITERAL_NULL_CONVERSION = YES;
				CLANG_WARN_OBJC_IMPLICIT_RETAIN_SELF = YES;
				CLANG_WARN_OBJC_LITERAL_CONVERSION = YES;
				CLANG_WARN_OBJC_ROOT_CLASS = YES_ERROR;
				CLANG_WARN_RANGE_LOOP_ANALYSIS = YES;
				CLANG_WARN_STRICT_PROTOTYPES = YES;
				CLANG_WARN_SUSPICIOUS_MOVE = YES;
				CLANG_WARN_UNGUARDED_AVAILABILITY = YES_AGGRESSIVE;
				CLANG_WARN_UNREACHABLE_CODE = YES;
				CLANG_WARN__DUPLICATE_METHOD_MATCH = YES;
				COPY_PHASE_STRIP = NO;
				DEBUG_INFORMATION_FORMAT = "dwarf-with-dsym";
				ENABLE_NS_ASSERTIONS = NO;
				ENABLE_STRICT_OBJC_MSGSEND = YES;
				GCC_C_LANGUAGE_STANDARD = gnu11;
				GCC_NO_COMMON_BLOCKS = YES;
				GCC_WARN_64_TO_32_BIT_CONVERSION = YES;
				GCC_WARN_ABOUT_RETURN_TYPE = YES_ERROR;
				GCC_WARN_UNDECLARED_SELECTOR = YES;
				GCC_WARN_UNINITIALIZED_AUTOS = YES_AGGRESSIVE;
				GCC_WARN_UNUSED_FUNCTION = YES;
				GCC_WARN_UNUSED_VARIABLE = YES;
				IPHONEOS_DEPLOYMENT_TARGET = 13.2;
				MTL_ENABLE_DEBUG_INFO = NO;
				MTL_FAST_MATH = YES;
				SDKROOT = iphoneos;
				SWIFT_COMPILATION_MODE = wholemodule;
				SWIFT_OPTIMIZATION_LEVEL = "-O";
				VALIDATE_PRODUCT = YES;
			};
			name = Release;
		};
		93772931247B9385000EB113 /* Debug */ = {
			isa = XCBuildConfiguration;
			buildSettings = {
				ASSETCATALOG_COMPILER_APPICON_NAME = AppIcon;
				CODE_SIGN_STYLE = Automatic;
				INFOPLIST_FILE = GroupedChat/Info.plist;
				LD_RUNPATH_SEARCH_PATHS = (
					"$(inherited)",
					"@executable_path/Frameworks",
				);
				PRODUCT_BUNDLE_IDENTIFIER = com.theateam.GroupedChat;
				PRODUCT_NAME = "$(TARGET_NAME)";
				SWIFT_VERSION = 5.0;
				TARGETED_DEVICE_FAMILY = "1,2";
			};
			name = Debug;
		};
		93772932247B9385000EB113 /* Release */ = {
			isa = XCBuildConfiguration;
			buildSettings = {
				ASSETCATALOG_COMPILER_APPICON_NAME = AppIcon;
				CODE_SIGN_STYLE = Automatic;
				INFOPLIST_FILE = GroupedChat/Info.plist;
				LD_RUNPATH_SEARCH_PATHS = (
					"$(inherited)",
					"@executable_path/Frameworks",
				);
				PRODUCT_BUNDLE_IDENTIFIER = com.theateam.GroupedChat;
				PRODUCT_NAME = "$(TARGET_NAME)";
				SWIFT_VERSION = 5.0;
				TARGETED_DEVICE_FAMILY = "1,2";
			};
			name = Release;
		};
/* End XCBuildConfiguration section */

/* Begin XCConfigurationList section */
		93772917247B9384000EB113 /* Build configuration list for PBXProject "GroupedChat" */ = {
			isa = XCConfigurationList;
			buildConfigurations = (
				9377292E247B9385000EB113 /* Debug */,
				9377292F247B9385000EB113 /* Release */,
			);
			defaultConfigurationIsVisible = 0;
			defaultConfigurationName = Release;
		};
		93772930247B9385000EB113 /* Build configuration list for PBXNativeTarget "GroupedChat" */ = {
			isa = XCConfigurationList;
			buildConfigurations = (
				93772931247B9385000EB113 /* Debug */,
				93772932247B9385000EB113 /* Release */,
			);
			defaultConfigurationIsVisible = 0;
			defaultConfigurationName = Release;
		};
/* End XCConfigurationList section */
	};
	rootObject = 93772914247B9384000EB113 /* Project object */;
}
